// !$*UTF8*$!
{
	archiveVersion = 1;
	classes = {
	};
	objectVersion = 56;
	objects = {

/* Begin PBXBuildFile section */
		1EB0EF152A3C4BFD00836991 /* AppStoreAsyncApp.swift in Sources */ = {isa = PBXBuildFile; fileRef = 1EB0EF142A3C4BFD00836991 /* AppStoreAsyncApp.swift */; };
		1EB0EF172A3C4BFD00836991 /* ContentView.swift in Sources */ = {isa = PBXBuildFile; fileRef = 1EB0EF162A3C4BFD00836991 /* ContentView.swift */; };
		1EB0EF192A3C4BFE00836991 /* Assets.xcassets in Resources */ = {isa = PBXBuildFile; fileRef = 1EB0EF182A3C4BFE00836991 /* Assets.xcassets */; };
		1EB0EF1C2A3C4BFE00836991 /* Preview Assets.xcassets in Resources */ = {isa = PBXBuildFile; fileRef = 1EB0EF1B2A3C4BFE00836991 /* Preview Assets.xcassets */; };
		1EB0EF262A3C4BFE00836991 /* AppStoreAsyncTests.swift in Sources */ = {isa = PBXBuildFile; fileRef = 1EB0EF252A3C4BFE00836991 /* AppStoreAsyncTests.swift */; };
		1EB0EF302A3C4BFF00836991 /* AppStoreAsyncUITests.swift in Sources */ = {isa = PBXBuildFile; fileRef = 1EB0EF2F2A3C4BFF00836991 /* AppStoreAsyncUITests.swift */; };
		1EB0EF322A3C4BFF00836991 /* AppStoreAsyncUITestsLaunchTests.swift in Sources */ = {isa = PBXBuildFile; fileRef = 1EB0EF312A3C4BFF00836991 /* AppStoreAsyncUITestsLaunchTests.swift */; };
/* End PBXBuildFile section */

/* Begin PBXContainerItemProxy section */
		1EB0EF222A3C4BFE00836991 /* PBXContainerItemProxy */ = {
			isa = PBXContainerItemProxy;
			containerPortal = 1EB0EF092A3C4BFD00836991 /* Project object */;
			proxyType = 1;
			remoteGlobalIDString = 1EB0EF102A3C4BFD00836991;
			remoteInfo = AppStoreAsync;
		};
		1EB0EF2C2A3C4BFF00836991 /* PBXContainerItemProxy */ = {
			isa = PBXContainerItemProxy;
			containerPortal = 1EB0EF092A3C4BFD00836991 /* Project object */;
			proxyType = 1;
			remoteGlobalIDString = 1EB0EF102A3C4BFD00836991;
			remoteInfo = AppStoreAsync;
		};
/* End PBXContainerItemProxy section */

/* Begin PBXFileReference section */
		1EB0EF112A3C4BFD00836991 /* AppStoreAsync.app */ = {isa = PBXFileReference; explicitFileType = wrapper.application; includeInIndex = 0; path = AppStoreAsync.app; sourceTree = BUILT_PRODUCTS_DIR; };
		1EB0EF142A3C4BFD00836991 /* AppStoreAsyncApp.swift */ = {isa = PBXFileReference; lastKnownFileType = sourcecode.swift; path = AppStoreAsyncApp.swift; sourceTree = "<group>"; };
		1EB0EF162A3C4BFD00836991 /* ContentView.swift */ = {isa = PBXFileReference; lastKnownFileType = sourcecode.swift; path = ContentView.swift; sourceTree = "<group>"; };
		1EB0EF182A3C4BFE00836991 /* Assets.xcassets */ = {isa = PBXFileReference; lastKnownFileType = folder.assetcatalog; path = Assets.xcassets; sourceTree = "<group>"; };
		1EB0EF1B2A3C4BFE00836991 /* Preview Assets.xcassets */ = {isa = PBXFileReference; lastKnownFileType = folder.assetcatalog; path = "Preview Assets.xcassets"; sourceTree = "<group>"; };
		1EB0EF212A3C4BFE00836991 /* AppStoreAsyncTests.xctest */ = {isa = PBXFileReference; explicitFileType = wrapper.cfbundle; includeInIndex = 0; path = AppStoreAsyncTests.xctest; sourceTree = BUILT_PRODUCTS_DIR; };
		1EB0EF252A3C4BFE00836991 /* AppStoreAsyncTests.swift */ = {isa = PBXFileReference; lastKnownFileType = sourcecode.swift; path = AppStoreAsyncTests.swift; sourceTree = "<group>"; };
		1EB0EF2B2A3C4BFF00836991 /* AppStoreAsyncUITests.xctest */ = {isa = PBXFileReference; explicitFileType = wrapper.cfbundle; includeInIndex = 0; path = AppStoreAsyncUITests.xctest; sourceTree = BUILT_PRODUCTS_DIR; };
		1EB0EF2F2A3C4BFF00836991 /* AppStoreAsyncUITests.swift */ = {isa = PBXFileReference; lastKnownFileType = sourcecode.swift; path = AppStoreAsyncUITests.swift; sourceTree = "<group>"; };
		1EB0EF312A3C4BFF00836991 /* AppStoreAsyncUITestsLaunchTests.swift */ = {isa = PBXFileReference; lastKnownFileType = sourcecode.swift; path = AppStoreAsyncUITestsLaunchTests.swift; sourceTree = "<group>"; };
/* End PBXFileReference section */

/* Begin PBXFrameworksBuildPhase section */
		1EB0EF0E2A3C4BFD00836991 /* Frameworks */ = {
			isa = PBXFrameworksBuildPhase;
			buildActionMask = 2147483647;
			files = (
			);
			runOnlyForDeploymentPostprocessing = 0;
		};
		1EB0EF1E2A3C4BFE00836991 /* Frameworks */ = {
			isa = PBXFrameworksBuildPhase;
			buildActionMask = 2147483647;
			files = (
			);
			runOnlyForDeploymentPostprocessing = 0;
		};
		1EB0EF282A3C4BFF00836991 /* Frameworks */ = {
			isa = PBXFrameworksBuildPhase;
			buildActionMask = 2147483647;
			files = (
			);
			runOnlyForDeploymentPostprocessing = 0;
		};
/* End PBXFrameworksBuildPhase section */

/* Begin PBXGroup section */
		1EB0EF082A3C4BFD00836991 = {
			isa = PBXGroup;
			children = (
				1EB0EF132A3C4BFD00836991 /* AppStoreAsync */,
				1EB0EF242A3C4BFE00836991 /* AppStoreAsyncTests */,
				1EB0EF2E2A3C4BFF00836991 /* AppStoreAsyncUITests */,
				1EB0EF122A3C4BFD00836991 /* Products */,
			);
			sourceTree = "<group>";
		};
		1EB0EF122A3C4BFD00836991 /* Products */ = {
			isa = PBXGroup;
			children = (
				1EB0EF112A3C4BFD00836991 /* AppStoreAsync.app */,
				1EB0EF212A3C4BFE00836991 /* AppStoreAsyncTests.xctest */,
				1EB0EF2B2A3C4BFF00836991 /* AppStoreAsyncUITests.xctest */,
			);
			name = Products;
			sourceTree = "<group>";
		};
		1EB0EF132A3C4BFD00836991 /* AppStoreAsync */ = {
			isa = PBXGroup;
			children = (
				1EB0EF432A3C5CA400836991 /* App */,
				1EB0EF422A3C5C8200836991 /* Library */,
				1EB0EF402A3C5C5E00836991 /* View */,
				1EB0EF3F2A3C5C5500836991 /* Models */,
				1EB0EF182A3C4BFE00836991 /* Assets.xcassets */,
				1EB0EF1A2A3C4BFE00836991 /* Preview Content */,
			);
			path = AppStoreAsync;
			sourceTree = "<group>";
		};
		1EB0EF1A2A3C4BFE00836991 /* Preview Content */ = {
			isa = PBXGroup;
			children = (
				1EB0EF1B2A3C4BFE00836991 /* Preview Assets.xcassets */,
			);
			path = "Preview Content";
			sourceTree = "<group>";
		};
		1EB0EF242A3C4BFE00836991 /* AppStoreAsyncTests */ = {
			isa = PBXGroup;
			children = (
				1EB0EF252A3C4BFE00836991 /* AppStoreAsyncTests.swift */,
			);
			path = AppStoreAsyncTests;
			sourceTree = "<group>";
		};
		1EB0EF2E2A3C4BFF00836991 /* AppStoreAsyncUITests */ = {
			isa = PBXGroup;
			children = (
				1EB0EF2F2A3C4BFF00836991 /* AppStoreAsyncUITests.swift */,
				1EB0EF312A3C4BFF00836991 /* AppStoreAsyncUITestsLaunchTests.swift */,
			);
			path = AppStoreAsyncUITests;
			sourceTree = "<group>";
		};
		1EB0EF3E2A3C5C4A00836991 /* Service */ = {
			isa = PBXGroup;
			children = (
			);
			path = Service;
			sourceTree = "<group>";
		};
		1EB0EF3F2A3C5C5500836991 /* Models */ = {
			isa = PBXGroup;
			children = (
			);
			path = Models;
			sourceTree = "<group>";
		};
		1EB0EF402A3C5C5E00836991 /* View */ = {
			isa = PBXGroup;
			children = (
			);
			path = View;
			sourceTree = "<group>";
		};
		1EB0EF412A3C5C7900836991 /* Extension */ = {
			isa = PBXGroup;
			children = (
			);
			path = Extension;
			sourceTree = "<group>";
		};
		1EB0EF422A3C5C8200836991 /* Library */ = {
			isa = PBXGroup;
			children = (
				1EB0EF3E2A3C5C4A00836991 /* Service */,
				1EB0EF412A3C5C7900836991 /* Extension */,
			);
			path = Library;
			sourceTree = "<group>";
		};
		1EB0EF432A3C5CA400836991 /* App */ = {
			isa = PBXGroup;
			children = (
				1EB0EF142A3C4BFD00836991 /* AppStoreAsyncApp.swift */,
				1EB0EF162A3C4BFD00836991 /* ContentView.swift */,
			);
			path = App;
			sourceTree = "<group>";
		};
/* End PBXGroup section */

/* Begin PBXNativeTarget section */
		1EB0EF102A3C4BFD00836991 /* AppStoreAsync */ = {
			isa = PBXNativeTarget;
			buildConfigurationList = 1EB0EF352A3C4BFF00836991 /* Build configuration list for PBXNativeTarget "AppStoreAsync" */;
			buildPhases = (
				1EB0EF0D2A3C4BFD00836991 /* Sources */,
				1EB0EF0E2A3C4BFD00836991 /* Frameworks */,
				1EB0EF0F2A3C4BFD00836991 /* Resources */,
			);
			buildRules = (
			);
			dependencies = (
			);
			name = AppStoreAsync;
			productName = AppStoreAsync;
			productReference = 1EB0EF112A3C4BFD00836991 /* AppStoreAsync.app */;
			productType = "com.apple.product-type.application";
		};
		1EB0EF202A3C4BFE00836991 /* AppStoreAsyncTests */ = {
			isa = PBXNativeTarget;
			buildConfigurationList = 1EB0EF382A3C4BFF00836991 /* Build configuration list for PBXNativeTarget "AppStoreAsyncTests" */;
			buildPhases = (
				1EB0EF1D2A3C4BFE00836991 /* Sources */,
				1EB0EF1E2A3C4BFE00836991 /* Frameworks */,
				1EB0EF1F2A3C4BFE00836991 /* Resources */,
			);
			buildRules = (
			);
			dependencies = (
				1EB0EF232A3C4BFE00836991 /* PBXTargetDependency */,
			);
			name = AppStoreAsyncTests;
			productName = AppStoreAsyncTests;
			productReference = 1EB0EF212A3C4BFE00836991 /* AppStoreAsyncTests.xctest */;
			productType = "com.apple.product-type.bundle.unit-test";
		};
		1EB0EF2A2A3C4BFF00836991 /* AppStoreAsyncUITests */ = {
			isa = PBXNativeTarget;
			buildConfigurationList = 1EB0EF3B2A3C4BFF00836991 /* Build configuration list for PBXNativeTarget "AppStoreAsyncUITests" */;
			buildPhases = (
				1EB0EF272A3C4BFF00836991 /* Sources */,
				1EB0EF282A3C4BFF00836991 /* Frameworks */,
				1EB0EF292A3C4BFF00836991 /* Resources */,
			);
			buildRules = (
			);
			dependencies = (
				1EB0EF2D2A3C4BFF00836991 /* PBXTargetDependency */,
			);
			name = AppStoreAsyncUITests;
			productName = AppStoreAsyncUITests;
			productReference = 1EB0EF2B2A3C4BFF00836991 /* AppStoreAsyncUITests.xctest */;
			productType = "com.apple.product-type.bundle.ui-testing";
		};
/* End PBXNativeTarget section */

/* Begin PBXProject section */
		1EB0EF092A3C4BFD00836991 /* Project object */ = {
			isa = PBXProject;
			attributes = {
				BuildIndependentTargetsInParallel = 1;
				LastSwiftUpdateCheck = 1430;
				LastUpgradeCheck = 1430;
				TargetAttributes = {
					1EB0EF102A3C4BFD00836991 = {
						CreatedOnToolsVersion = 14.3.1;
					};
					1EB0EF202A3C4BFE00836991 = {
						CreatedOnToolsVersion = 14.3.1;
						TestTargetID = 1EB0EF102A3C4BFD00836991;
					};
					1EB0EF2A2A3C4BFF00836991 = {
						CreatedOnToolsVersion = 14.3.1;
						TestTargetID = 1EB0EF102A3C4BFD00836991;
					};
				};
			};
			buildConfigurationList = 1EB0EF0C2A3C4BFD00836991 /* Build configuration list for PBXProject "AppStoreAsync" */;
			compatibilityVersion = "Xcode 14.0";
			developmentRegion = en;
			hasScannedForEncodings = 0;
			knownRegions = (
				en,
				Base,
			);
			mainGroup = 1EB0EF082A3C4BFD00836991;
			productRefGroup = 1EB0EF122A3C4BFD00836991 /* Products */;
			projectDirPath = "";
			projectRoot = "";
			targets = (
				1EB0EF102A3C4BFD00836991 /* AppStoreAsync */,
				1EB0EF202A3C4BFE00836991 /* AppStoreAsyncTests */,
				1EB0EF2A2A3C4BFF00836991 /* AppStoreAsyncUITests */,
			);
		};
/* End PBXProject section */

/* Begin PBXResourcesBuildPhase section */
		1EB0EF0F2A3C4BFD00836991 /* Resources */ = {
			isa = PBXResourcesBuildPhase;
			buildActionMask = 2147483647;
			files = (
				1EB0EF1C2A3C4BFE00836991 /* Preview Assets.xcassets in Resources */,
				1EB0EF192A3C4BFE00836991 /* Assets.xcassets in Resources */,
			);
			runOnlyForDeploymentPostprocessing = 0;
		};
		1EB0EF1F2A3C4BFE00836991 /* Resources */ = {
			isa = PBXResourcesBuildPhase;
			buildActionMask = 2147483647;
			files = (
			);
			runOnlyForDeploymentPostprocessing = 0;
		};
		1EB0EF292A3C4BFF00836991 /* Resources */ = {
			isa = PBXResourcesBuildPhase;
			buildActionMask = 2147483647;
			files = (
			);
			runOnlyForDeploymentPostprocessing = 0;
		};
/* End PBXResourcesBuildPhase section */

/* Begin PBXSourcesBuildPhase section */
		1EB0EF0D2A3C4BFD00836991 /* Sources */ = {
			isa = PBXSourcesBuildPhase;
			buildActionMask = 2147483647;
			files = (
				1EB0EF172A3C4BFD00836991 /* ContentView.swift in Sources */,
				1EB0EF152A3C4BFD00836991 /* AppStoreAsyncApp.swift in Sources */,
			);
			runOnlyForDeploymentPostprocessing = 0;
		};
		1EB0EF1D2A3C4BFE00836991 /* Sources */ = {
			isa = PBXSourcesBuildPhase;
			buildActionMask = 2147483647;
			files = (
				1EB0EF262A3C4BFE00836991 /* AppStoreAsyncTests.swift in Sources */,
			);
			runOnlyForDeploymentPostprocessing = 0;
		};
		1EB0EF272A3C4BFF00836991 /* Sources */ = {
			isa = PBXSourcesBuildPhase;
			buildActionMask = 2147483647;
			files = (
				1EB0EF302A3C4BFF00836991 /* AppStoreAsyncUITests.swift in Sources */,
				1EB0EF322A3C4BFF00836991 /* AppStoreAsyncUITestsLaunchTests.swift in Sources */,
			);
			runOnlyForDeploymentPostprocessing = 0;
		};
/* End PBXSourcesBuildPhase section */

/* Begin PBXTargetDependency section */
		1EB0EF232A3C4BFE00836991 /* PBXTargetDependency */ = {
			isa = PBXTargetDependency;
			target = 1EB0EF102A3C4BFD00836991 /* AppStoreAsync */;
			targetProxy = 1EB0EF222A3C4BFE00836991 /* PBXContainerItemProxy */;
		};
		1EB0EF2D2A3C4BFF00836991 /* PBXTargetDependency */ = {
			isa = PBXTargetDependency;
			target = 1EB0EF102A3C4BFD00836991 /* AppStoreAsync */;
			targetProxy = 1EB0EF2C2A3C4BFF00836991 /* PBXContainerItemProxy */;
		};
/* End PBXTargetDependency section */

/* Begin XCBuildConfiguration section */
		1EB0EF332A3C4BFF00836991 /* Debug */ = {
			isa = XCBuildConfiguration;
			buildSettings = {
				ALWAYS_SEARCH_USER_PATHS = NO;
				CLANG_ANALYZER_NONNULL = YES;
				CLANG_ANALYZER_NUMBER_OBJECT_CONVERSION = YES_AGGRESSIVE;
				CLANG_CXX_LANGUAGE_STANDARD = "gnu++20";
				CLANG_ENABLE_MODULES = YES;
				CLANG_ENABLE_OBJC_ARC = YES;
				CLANG_ENABLE_OBJC_WEAK = YES;
				CLANG_WARN_BLOCK_CAPTURE_AUTORELEASING = YES;
				CLANG_WARN_BOOL_CONVERSION = YES;
				CLANG_WARN_COMMA = YES;
				CLANG_WARN_CONSTANT_CONVERSION = YES;
				CLANG_WARN_DEPRECATED_OBJC_IMPLEMENTATIONS = YES;
				CLANG_WARN_DIRECT_OBJC_ISA_USAGE = YES_ERROR;
				CLANG_WARN_DOCUMENTATION_COMMENTS = YES;
				CLANG_WARN_EMPTY_BODY = YES;
				CLANG_WARN_ENUM_CONVERSION = YES;
				CLANG_WARN_INFINITE_RECURSION = YES;
				CLANG_WARN_INT_CONVERSION = YES;
				CLANG_WARN_NON_LITERAL_NULL_CONVERSION = YES;
				CLANG_WARN_OBJC_IMPLICIT_RETAIN_SELF = YES;
				CLANG_WARN_OBJC_LITERAL_CONVERSION = YES;
				CLANG_WARN_OBJC_ROOT_CLASS = YES_ERROR;
				CLANG_WARN_QUOTED_INCLUDE_IN_FRAMEWORK_HEADER = YES;
				CLANG_WARN_RANGE_LOOP_ANALYSIS = YES;
				CLANG_WARN_STRICT_PROTOTYPES = YES;
				CLANG_WARN_SUSPICIOUS_MOVE = YES;
				CLANG_WARN_UNGUARDED_AVAILABILITY = YES_AGGRESSIVE;
				CLANG_WARN_UNREACHABLE_CODE = YES;
				CLANG_WARN__DUPLICATE_METHOD_MATCH = YES;
				COPY_PHASE_STRIP = NO;
				DEBUG_INFORMATION_FORMAT = dwarf;
				ENABLE_STRICT_OBJC_MSGSEND = YES;
				ENABLE_TESTABILITY = YES;
				GCC_C_LANGUAGE_STANDARD = gnu11;
				GCC_DYNAMIC_NO_PIC = NO;
				GCC_NO_COMMON_BLOCKS = YES;
				GCC_OPTIMIZATION_LEVEL = 0;
				GCC_PREPROCESSOR_DEFINITIONS = (
					"DEBUG=1",
					"$(inherited)",
				);
				GCC_WARN_64_TO_32_BIT_CONVERSION = YES;
				GCC_WARN_ABOUT_RETURN_TYPE = YES_ERROR;
				GCC_WARN_UNDECLARED_SELECTOR = YES;
				GCC_WARN_UNINITIALIZED_AUTOS = YES_AGGRESSIVE;
				GCC_WARN_UNUSED_FUNCTION = YES;
				GCC_WARN_UNUSED_VARIABLE = YES;
				IPHONEOS_DEPLOYMENT_TARGET = 16.4;
				MTL_ENABLE_DEBUG_INFO = INCLUDE_SOURCE;
				MTL_FAST_MATH = YES;
				ONLY_ACTIVE_ARCH = YES;
				SDKROOT = iphoneos;
				SWIFT_ACTIVE_COMPILATION_CONDITIONS = DEBUG;
				SWIFT_OPTIMIZATION_LEVEL = "-Onone";
			};
			name = Debug;
		};
		1EB0EF342A3C4BFF00836991 /* Release */ = {
			isa = XCBuildConfiguration;
			buildSettings = {
				ALWAYS_SEARCH_USER_PATHS = NO;
				CLANG_ANALYZER_NONNULL = YES;
				CLANG_ANALYZER_NUMBER_OBJECT_CONVERSION = YES_AGGRESSIVE;
				CLANG_CXX_LANGUAGE_STANDARD = "gnu++20";
				CLANG_ENABLE_MODULES = YES;
				CLANG_ENABLE_OBJC_ARC = YES;
				CLANG_ENABLE_OBJC_WEAK = YES;
				CLANG_WARN_BLOCK_CAPTURE_AUTORELEASING = YES;
				CLANG_WARN_BOOL_CONVERSION = YES;
				CLANG_WARN_COMMA = YES;
				CLANG_WARN_CONSTANT_CONVERSION = YES;
				CLANG_WARN_DEPRECATED_OBJC_IMPLEMENTATIONS = YES;
				CLANG_WARN_DIRECT_OBJC_ISA_USAGE = YES_ERROR;
				CLANG_WARN_DOCUMENTATION_COMMENTS = YES;
				CLANG_WARN_EMPTY_BODY = YES;
				CLANG_WARN_ENUM_CONVERSION = YES;
				CLANG_WARN_INFINITE_RECURSION = YES;
				CLANG_WARN_INT_CONVERSION = YES;
				CLANG_WARN_NON_LITERAL_NULL_CONVERSION = YES;
				CLANG_WARN_OBJC_IMPLICIT_RETAIN_SELF = YES;
				CLANG_WARN_OBJC_LITERAL_CONVERSION = YES;
				CLANG_WARN_OBJC_ROOT_CLASS = YES_ERROR;
				CLANG_WARN_QUOTED_INCLUDE_IN_FRAMEWORK_HEADER = YES;
				CLANG_WARN_RANGE_LOOP_ANALYSIS = YES;
				CLANG_WARN_STRICT_PROTOTYPES = YES;
				CLANG_WARN_SUSPICIOUS_MOVE = YES;
				CLANG_WARN_UNGUARDED_AVAILABILITY = YES_AGGRESSIVE;
				CLANG_WARN_UNREACHABLE_CODE = YES;
				CLANG_WARN__DUPLICATE_METHOD_MATCH = YES;
				COPY_PHASE_STRIP = NO;
				DEBUG_INFORMATION_FORMAT = "dwarf-with-dsym";
				ENABLE_NS_ASSERTIONS = NO;
				ENABLE_STRICT_OBJC_MSGSEND = YES;
				GCC_C_LANGUAGE_STANDARD = gnu11;
				GCC_NO_COMMON_BLOCKS = YES;
				GCC_WARN_64_TO_32_BIT_CONVERSION = YES;
				GCC_WARN_ABOUT_RETURN_TYPE = YES_ERROR;
				GCC_WARN_UNDECLARED_SELECTOR = YES;
				GCC_WARN_UNINITIALIZED_AUTOS = YES_AGGRESSIVE;
				GCC_WARN_UNUSED_FUNCTION = YES;
				GCC_WARN_UNUSED_VARIABLE = YES;
				IPHONEOS_DEPLOYMENT_TARGET = 16.4;
				MTL_ENABLE_DEBUG_INFO = NO;
				MTL_FAST_MATH = YES;
				SDKROOT = iphoneos;
				SWIFT_COMPILATION_MODE = wholemodule;
				SWIFT_OPTIMIZATION_LEVEL = "-O";
				VALIDATE_PRODUCT = YES;
			};
			name = Release;
		};
		1EB0EF362A3C4BFF00836991 /* Debug */ = {
			isa = XCBuildConfiguration;
			buildSettings = {
				ASSETCATALOG_COMPILER_APPICON_NAME = AppIcon;
				ASSETCATALOG_COMPILER_GLOBAL_ACCENT_COLOR_NAME = AccentColor;
				CODE_SIGN_STYLE = Automatic;
				CURRENT_PROJECT_VERSION = 1;
				DEVELOPMENT_ASSET_PATHS = "\"AppStoreAsync/Preview Content\"";
				DEVELOPMENT_TEAM = 3BNQYYVK2U;
				ENABLE_PREVIEWS = YES;
				GENERATE_INFOPLIST_FILE = YES;
				INFOPLIST_KEY_UIApplicationSceneManifest_Generation = YES;
				INFOPLIST_KEY_UIApplicationSupportsIndirectInputEvents = YES;
				INFOPLIST_KEY_UILaunchScreen_Generation = YES;
				INFOPLIST_KEY_UISupportedInterfaceOrientations_iPad = "UIInterfaceOrientationPortrait UIInterfaceOrientationPortraitUpsideDown UIInterfaceOrientationLandscapeLeft UIInterfaceOrientationLandscapeRight";
				INFOPLIST_KEY_UISupportedInterfaceOrientations_iPhone = "UIInterfaceOrientationPortrait UIInterfaceOrientationLandscapeLeft UIInterfaceOrientationLandscapeRight";
				LD_RUNPATH_SEARCH_PATHS = (
					"$(inherited)",
					"@executable_path/Frameworks",
				);
				MARKETING_VERSION = 1.0;
				PRODUCT_BUNDLE_IDENTIFIER = appStoreAsync.AppStoreAsync;
				PRODUCT_NAME = "$(TARGET_NAME)";
				SWIFT_EMIT_LOC_STRINGS = YES;
				SWIFT_VERSION = 5.0;
				TARGETED_DEVICE_FAMILY = "1,2";
			};
			name = Debug;
		};
		1EB0EF372A3C4BFF00836991 /* Release */ = {
			isa = XCBuildConfiguration;
			buildSettings = {
				ASSETCATALOG_COMPILER_APPICON_NAME = AppIcon;
				ASSETCATALOG_COMPILER_GLOBAL_ACCENT_COLOR_NAME = AccentColor;
				CODE_SIGN_STYLE = Automatic;
				CURRENT_PROJECT_VERSION = 1;
				DEVELOPMENT_ASSET_PATHS = "\"AppStoreAsync/Preview Content\"";
				DEVELOPMENT_TEAM = 3BNQYYVK2U;
				ENABLE_PREVIEWS = YES;
				GENERATE_INFOPLIST_FILE = YES;
				INFOPLIST_KEY_UIApplicationSceneManifest_Generation = YES;
				INFOPLIST_KEY_UIApplicationSupportsIndirectInputEvents = YES;
				INFOPLIST_KEY_UILaunchScreen_Generation = YES;
				INFOPLIST_KEY_UISupportedInterfaceOrientations_iPad = "UIInterfaceOrientationPortrait UIInterfaceOrientationPortraitUpsideDown UIInterfaceOrientationLandscapeLeft UIInterfaceOrientationLandscapeRight";
				INFOPLIST_KEY_UISupportedInterfaceOrientations_iPhone = "UIInterfaceOrientationPortrait UIInterfaceOrientationLandscapeLeft UIInterfaceOrientationLandscapeRight";
				LD_RUNPATH_SEARCH_PATHS = (
					"$(inherited)",
					"@executable_path/Frameworks",
				);
				MARKETING_VERSION = 1.0;
				PRODUCT_BUNDLE_IDENTIFIER = appStoreAsync.AppStoreAsync;
				PRODUCT_NAME = "$(TARGET_NAME)";
				SWIFT_EMIT_LOC_STRINGS = YES;
				SWIFT_VERSION = 5.0;
				TARGETED_DEVICE_FAMILY = "1,2";
			};
			name = Release;
		};
		1EB0EF392A3C4BFF00836991 /* Debug */ = {
			isa = XCBuildConfiguration;
			buildSettings = {
				ALWAYS_EMBED_SWIFT_STANDARD_LIBRARIES = YES;
				BUNDLE_LOADER = "$(TEST_HOST)";
				CODE_SIGN_STYLE = Automatic;
				CURRENT_PROJECT_VERSION = 1;
				DEVELOPMENT_TEAM = 3BNQYYVK2U;
				GENERATE_INFOPLIST_FILE = YES;
				IPHONEOS_DEPLOYMENT_TARGET = 16.4;
				MARKETING_VERSION = 1.0;
				PRODUCT_BUNDLE_IDENTIFIER = appStoreAsync.AppStoreAsyncTests;
				PRODUCT_NAME = "$(TARGET_NAME)";
				SWIFT_EMIT_LOC_STRINGS = NO;
				SWIFT_VERSION = 5.0;
				TARGETED_DEVICE_FAMILY = "1,2";
				TEST_HOST = "$(BUILT_PRODUCTS_DIR)/AppStoreAsync.app/$(BUNDLE_EXECUTABLE_FOLDER_PATH)/AppStoreAsync";
			};
			name = Debug;
		};
		1EB0EF3A2A3C4BFF00836991 /* Release */ = {
			isa = XCBuildConfiguration;
			buildSettings = {
				ALWAYS_EMBED_SWIFT_STANDARD_LIBRARIES = YES;
				BUNDLE_LOADER = "$(TEST_HOST)";
				CODE_SIGN_STYLE = Automatic;
				CURRENT_PROJECT_VERSION = 1;
				DEVELOPMENT_TEAM = 3BNQYYVK2U;
				GENERATE_INFOPLIST_FILE = YES;
				IPHONEOS_DEPLOYMENT_TARGET = 16.4;
				MARKETING_VERSION = 1.0;
				PRODUCT_BUNDLE_IDENTIFIER = appStoreAsync.AppStoreAsyncTests;
				PRODUCT_NAME = "$(TARGET_NAME)";
				SWIFT_EMIT_LOC_STRINGS = NO;
				SWIFT_VERSION = 5.0;
				TARGETED_DEVICE_FAMILY = "1,2";
				TEST_HOST = "$(BUILT_PRODUCTS_DIR)/AppStoreAsync.app/$(BUNDLE_EXECUTABLE_FOLDER_PATH)/AppStoreAsync";
			};
			name = Release;
		};
		1EB0EF3C2A3C4BFF00836991 /* Debug */ = {
			isa = XCBuildConfiguration;
			buildSettings = {
				ALWAYS_EMBED_SWIFT_STANDARD_LIBRARIES = YES;
				CODE_SIGN_STYLE = Automatic;
				CURRENT_PROJECT_VERSION = 1;
				DEVELOPMENT_TEAM = 3BNQYYVK2U;
				GENERATE_INFOPLIST_FILE = YES;
				MARKETING_VERSION = 1.0;
				PRODUCT_BUNDLE_IDENTIFIER = appStoreAsync.AppStoreAsyncUITests;
				PRODUCT_NAME = "$(TARGET_NAME)";
				SWIFT_EMIT_LOC_STRINGS = NO;
				SWIFT_VERSION = 5.0;
				TARGETED_DEVICE_FAMILY = "1,2";
				TEST_TARGET_NAME = AppStoreAsync;
			};
			name = Debug;
		};
		1EB0EF3D2A3C4BFF00836991 /* Release */ = {
			isa = XCBuildConfiguration;
			buildSettings = {
				ALWAYS_EMBED_SWIFT_STANDARD_LIBRARIES = YES;
				CODE_SIGN_STYLE = Automatic;
				CURRENT_PROJECT_VERSION = 1;
				DEVELOPMENT_TEAM = 3BNQYYVK2U;
				GENERATE_INFOPLIST_FILE = YES;
				MARKETING_VERSION = 1.0;
				PRODUCT_BUNDLE_IDENTIFIER = appStoreAsync.AppStoreAsyncUITests;
				PRODUCT_NAME = "$(TARGET_NAME)";
				SWIFT_EMIT_LOC_STRINGS = NO;
				SWIFT_VERSION = 5.0;
				TARGETED_DEVICE_FAMILY = "1,2";
				TEST_TARGET_NAME = AppStoreAsync;
			};
			name = Release;
		};
/* End XCBuildConfiguration section */

/* Begin XCConfigurationList section */
		1EB0EF0C2A3C4BFD00836991 /* Build configuration list for PBXProject "AppStoreAsync" */ = {
			isa = XCConfigurationList;
			buildConfigurations = (
				1EB0EF332A3C4BFF00836991 /* Debug */,
				1EB0EF342A3C4BFF00836991 /* Release */,
			);
			defaultConfigurationIsVisible = 0;
			defaultConfigurationName = Release;
		};
		1EB0EF352A3C4BFF00836991 /* Build configuration list for PBXNativeTarget "AppStoreAsync" */ = {
			isa = XCConfigurationList;
			buildConfigurations = (
				1EB0EF362A3C4BFF00836991 /* Debug */,
				1EB0EF372A3C4BFF00836991 /* Release */,
			);
			defaultConfigurationIsVisible = 0;
			defaultConfigurationName = Release;
		};
		1EB0EF382A3C4BFF00836991 /* Build configuration list for PBXNativeTarget "AppStoreAsyncTests" */ = {
			isa = XCConfigurationList;
			buildConfigurations = (
				1EB0EF392A3C4BFF00836991 /* Debug */,
				1EB0EF3A2A3C4BFF00836991 /* Release */,
			);
			defaultConfigurationIsVisible = 0;
			defaultConfigurationName = Release;
		};
		1EB0EF3B2A3C4BFF00836991 /* Build configuration list for PBXNativeTarget "AppStoreAsyncUITests" */ = {
			isa = XCConfigurationList;
			buildConfigurations = (
				1EB0EF3C2A3C4BFF00836991 /* Debug */,
				1EB0EF3D2A3C4BFF00836991 /* Release */,
			);
			defaultConfigurationIsVisible = 0;
			defaultConfigurationName = Release;
		};
/* End XCConfigurationList section */
	};
	rootObject = 1EB0EF092A3C4BFD00836991 /* Project object */;
}
